
Microsoft Visual Studio Solution File, Format Version 12.00
# Visual Studio Version 16
VisualStudioVersion = 16.0.30011.22
MinimumVisualStudioVersion = 10.0.40219.1
Project("{FAE04EC0-301F-11D3-BF4B-00C04F79EFBC}") = "TxtFocus", "TxtFocus\TxtFocus.csproj", "{D2A4A362-AAC5-4651-A1F6-D68941BDBDCE}"
EndProject
Global
	GlobalSection(SolutionConfigurationPlatforms) = preSolution
		Debug|Any CPU = Debug|Any CPU
		Release|Any CPU = Release|Any CPU
	EndGlobalSection
	GlobalSection(ProjectConfigurationPlatforms) = postSolution
		{D2A4A362-AAC5-4651-A1F6-D68941BDBDCE}.Debug|Any CPU.ActiveCfg = Debug|Any CPU
		{D2A4A362-AAC5-4651-A1F6-D68941BDBDCE}.Debug|Any CPU.Build.0 = Debug|Any CPU
		{D2A4A362-AAC5-4651-A1F6-D68941BDBDCE}.Release|Any CPU.ActiveCfg = Release|Any CPU
		{D2A4A362-AAC5-4651-A1F6-D68941BDBDCE}.Release|Any CPU.Build.0 = Release|Any CPU
	EndGlobalSection
	GlobalSection(SolutionProperties) = preSolution
		HideSolutionNode = FALSE
	EndGlobalSection
	GlobalSection(ExtensibilityGlobals) = postSolution
		SolutionGuid = {0C2141BF-DCB8-4D37-A79B-9B342B8D4848}
	EndGlobalSection
EndGlobal
